// !$*UTF8*$!
{
	archiveVersion = 1;
	classes = {
	};
	objectVersion = 46;
	objects = {

/* Begin PBXBuildFile section */
		67720FE11DA21B010026E295 /* main.m in Sources */ = {isa = PBXBuildFile; fileRef = 67720FE01DA21B010026E295 /* main.m */; };
		67720FE41DA21B010026E295 /* AppDelegate.m in Sources */ = {isa = PBXBuildFile; fileRef = 67720FE31DA21B010026E295 /* AppDelegate.m */; };
		67720FEA1DA21B010026E295 /* Main.storyboard in Resources */ = {isa = PBXBuildFile; fileRef = 67720FE81DA21B010026E295 /* Main.storyboard */; };
		67720FEC1DA21B010026E295 /* Assets.xcassets in Resources */ = {isa = PBXBuildFile; fileRef = 67720FEB1DA21B010026E295 /* Assets.xcassets */; };
		67720FEF1DA21B010026E295 /* LaunchScreen.storyboard in Resources */ = {isa = PBXBuildFile; fileRef = 67720FED1DA21B010026E295 /* LaunchScreen.storyboard */; };
		67720FFA1DA21B010026E295 /* TetsCollectionTests.m in Sources */ = {isa = PBXBuildFile; fileRef = 67720FF91DA21B010026E295 /* TetsCollectionTests.m */; };
		677210051DA21B010026E295 /* TetsCollectionUITests.m in Sources */ = {isa = PBXBuildFile; fileRef = 677210041DA21B010026E295 /* TetsCollectionUITests.m */; };
		677210141DA21B1A0026E295 /* MyCollectionViewController.m in Sources */ = {isa = PBXBuildFile; fileRef = 677210131DA21B1A0026E295 /* MyCollectionViewController.m */; };
/* End PBXBuildFile section */

/* Begin PBXContainerItemProxy section */
		67720FF61DA21B010026E295 /* PBXContainerItemProxy */ = {
			isa = PBXContainerItemProxy;
			containerPortal = 67720FD41DA21B010026E295 /* Project object */;
			proxyType = 1;
			remoteGlobalIDString = 67720FDB1DA21B010026E295;
			remoteInfo = TetsCollection;
		};
		677210011DA21B010026E295 /* PBXContainerItemProxy */ = {
			isa = PBXContainerItemProxy;
			containerPortal = 67720FD41DA21B010026E295 /* Project object */;
			proxyType = 1;
			remoteGlobalIDString = 67720FDB1DA21B010026E295;
			remoteInfo = TetsCollection;
		};
/* End PBXContainerItemProxy section */

/* Begin PBXFileReference section */
		67720FDC1DA21B010026E295 /* TetsCollection.app */ = {isa = PBXFileReference; explicitFileType = wrapper.application; includeInIndex = 0; path = TetsCollection.app; sourceTree = BUILT_PRODUCTS_DIR; };
		67720FE01DA21B010026E295 /* main.m */ = {isa = PBXFileReference; lastKnownFileType = sourcecode.c.objc; path = main.m; sourceTree = "<group>"; };
		67720FE21DA21B010026E295 /* AppDelegate.h */ = {isa = PBXFileReference; lastKnownFileType = sourcecode.c.h; path = AppDelegate.h; sourceTree = "<group>"; };
		67720FE31DA21B010026E295 /* AppDelegate.m */ = {isa = PBXFileReference; lastKnownFileType = sourcecode.c.objc; path = AppDelegate.m; sourceTree = "<group>"; };
		67720FE91DA21B010026E295 /* Base */ = {isa = PBXFileReference; lastKnownFileType = file.storyboard; name = Base; path = Base.lproj/Main.storyboard; sourceTree = "<group>"; };
		67720FEB1DA21B010026E295 /* Assets.xcassets */ = {isa = PBXFileReference; lastKnownFileType = folder.assetcatalog; path = Assets.xcassets; sourceTree = "<group>"; };
		67720FEE1DA21B010026E295 /* Base */ = {isa = PBXFileReference; lastKnownFileType = file.storyboard; name = Base; path = Base.lproj/LaunchScreen.storyboard; sourceTree = "<group>"; };
		67720FF01DA21B010026E295 /* Info.plist */ = {isa = PBXFileReference; lastKnownFileType = text.plist.xml; path = Info.plist; sourceTree = "<group>"; };
		67720FF51DA21B010026E295 /* TetsCollectionTests.xctest */ = {isa = PBXFileReference; explicitFileType = wrapper.cfbundle; includeInIndex = 0; path = TetsCollectionTests.xctest; sourceTree = BUILT_PRODUCTS_DIR; };
		67720FF91DA21B010026E295 /* TetsCollectionTests.m */ = {isa = PBXFileReference; lastKnownFileType = sourcecode.c.objc; path = TetsCollectionTests.m; sourceTree = "<group>"; };
		67720FFB1DA21B010026E295 /* Info.plist */ = {isa = PBXFileReference; lastKnownFileType = text.plist.xml; path = Info.plist; sourceTree = "<group>"; };
		677210001DA21B010026E295 /* TetsCollectionUITests.xctest */ = {isa = PBXFileReference; explicitFileType = wrapper.cfbundle; includeInIndex = 0; path = TetsCollectionUITests.xctest; sourceTree = BUILT_PRODUCTS_DIR; };
		677210041DA21B010026E295 /* TetsCollectionUITests.m */ = {isa = PBXFileReference; lastKnownFileType = sourcecode.c.objc; path = TetsCollectionUITests.m; sourceTree = "<group>"; };
		677210061DA21B010026E295 /* Info.plist */ = {isa = PBXFileReference; lastKnownFileType = text.plist.xml; path = Info.plist; sourceTree = "<group>"; };
		677210121DA21B1A0026E295 /* MyCollectionViewController.h */ = {isa = PBXFileReference; fileEncoding = 4; lastKnownFileType = sourcecode.c.h; path = MyCollectionViewController.h; sourceTree = "<group>"; };
		677210131DA21B1A0026E295 /* MyCollectionViewController.m */ = {isa = PBXFileReference; fileEncoding = 4; lastKnownFileType = sourcecode.c.objc; path = MyCollectionViewController.m; sourceTree = "<group>"; };
/* End PBXFileReference section */

/* Begin PBXFrameworksBuildPhase section */
		67720FD91DA21B010026E295 /* Frameworks */ = {
			isa = PBXFrameworksBuildPhase;
			buildActionMask = 2147483647;
			files = (
			);
			runOnlyForDeploymentPostprocessing = 0;
		};
		67720FF21DA21B010026E295 /* Frameworks */ = {
			isa = PBXFrameworksBuildPhase;
			buildActionMask = 2147483647;
			files = (
			);
			runOnlyForDeploymentPostprocessing = 0;
		};
		67720FFD1DA21B010026E295 /* Frameworks */ = {
			isa = PBXFrameworksBuildPhase;
			buildActionMask = 2147483647;
			files = (
			);
			runOnlyForDeploymentPostprocessing = 0;
		};
/* End PBXFrameworksBuildPhase section */

/* Begin PBXGroup section */
		67720FD31DA21B010026E295 = {
			isa = PBXGroup;
			children = (
				67720FDE1DA21B010026E295 /* TetsCollection */,
				67720FF81DA21B010026E295 /* TetsCollectionTests */,
				677210031DA21B010026E295 /* TetsCollectionUITests */,
				67720FDD1DA21B010026E295 /* Products */,
			);
			sourceTree = "<group>";
		};
		67720FDD1DA21B010026E295 /* Products */ = {
			isa = PBXGroup;
			children = (
				67720FDC1DA21B010026E295 /* TetsCollection.app */,
				67720FF51DA21B010026E295 /* TetsCollectionTests.xctest */,
				677210001DA21B010026E295 /* TetsCollectionUITests.xctest */,
			);
			name = Products;
			sourceTree = "<group>";
		};
		67720FDE1DA21B010026E295 /* TetsCollection */ = {
			isa = PBXGroup;
			children = (
				67720FE21DA21B010026E295 /* AppDelegate.h */,
				67720FE31DA21B010026E295 /* AppDelegate.m */,
				67720FE81DA21B010026E295 /* Main.storyboard */,
				67720FEB1DA21B010026E295 /* Assets.xcassets */,
				67720FED1DA21B010026E295 /* LaunchScreen.storyboard */,
				67720FF01DA21B010026E295 /* Info.plist */,
				67720FDF1DA21B010026E295 /* Supporting Files */,
				677210121DA21B1A0026E295 /* MyCollectionViewController.h */,
				677210131DA21B1A0026E295 /* MyCollectionViewController.m */,
			);
			path = TetsCollection;
			sourceTree = "<group>";
		};
		67720FDF1DA21B010026E295 /* Supporting Files */ = {
			isa = PBXGroup;
			children = (
				67720FE01DA21B010026E295 /* main.m */,
			);
			name = "Supporting Files";
			sourceTree = "<group>";
		};
		67720FF81DA21B010026E295 /* TetsCollectionTests */ = {
			isa = PBXGroup;
			children = (
				67720FF91DA21B010026E295 /* TetsCollectionTests.m */,
				67720FFB1DA21B010026E295 /* Info.plist */,
			);
			path = TetsCollectionTests;
			sourceTree = "<group>";
		};
		677210031DA21B010026E295 /* TetsCollectionUITests */ = {
			isa = PBXGroup;
			children = (
				677210041DA21B010026E295 /* TetsCollectionUITests.m */,
				677210061DA21B010026E295 /* Info.plist */,
			);
			path = TetsCollectionUITests;
			sourceTree = "<group>";
		};
/* End PBXGroup section */

/* Begin PBXNativeTarget section */
		67720FDB1DA21B010026E295 /* TetsCollection */ = {
			isa = PBXNativeTarget;
			buildConfigurationList = 677210091DA21B010026E295 /* Build configuration list for PBXNativeTarget "TetsCollection" */;
			buildPhases = (
				67720FD81DA21B010026E295 /* Sources */,
				67720FD91DA21B010026E295 /* Frameworks */,
				67720FDA1DA21B010026E295 /* Resources */,
			);
			buildRules = (
			);
			dependencies = (
			);
			name = TetsCollection;
			productName = TetsCollection;
			productReference = 67720FDC1DA21B010026E295 /* TetsCollection.app */;
			productType = "com.apple.product-type.application";
		};
		67720FF41DA21B010026E295 /* TetsCollectionTests */ = {
			isa = PBXNativeTarget;
			buildConfigurationList = 6772100C1DA21B010026E295 /* Build configuration list for PBXNativeTarget "TetsCollectionTests" */;
			buildPhases = (
				67720FF11DA21B010026E295 /* Sources */,
				67720FF21DA21B010026E295 /* Frameworks */,
				67720FF31DA21B010026E295 /* Resources */,
			);
			buildRules = (
			);
			dependencies = (
				67720FF71DA21B010026E295 /* PBXTargetDependency */,
			);
			name = TetsCollectionTests;
			productName = TetsCollectionTests;
			productReference = 67720FF51DA21B010026E295 /* TetsCollectionTests.xctest */;
			productType = "com.apple.product-type.bundle.unit-test";
		};
		67720FFF1DA21B010026E295 /* TetsCollectionUITests */ = {
			isa = PBXNativeTarget;
			buildConfigurationList = 6772100F1DA21B010026E295 /* Build configuration list for PBXNativeTarget "TetsCollectionUITests" */;
			buildPhases = (
				67720FFC1DA21B010026E295 /* Sources */,
				67720FFD1DA21B010026E295 /* Frameworks */,
				67720FFE1DA21B010026E295 /* Resources */,
			);
			buildRules = (
			);
			dependencies = (
				677210021DA21B010026E295 /* PBXTargetDependency */,
			);
			name = TetsCollectionUITests;
			productName = TetsCollectionUITests;
			productReference = 677210001DA21B010026E295 /* TetsCollectionUITests.xctest */;
			productType = "com.apple.product-type.bundle.ui-testing";
		};
/* End PBXNativeTarget section */

/* Begin PBXProject section */
		67720FD41DA21B010026E295 /* Project object */ = {
			isa = PBXProject;
			attributes = {
				LastUpgradeCheck = 0800;
				ORGANIZATIONNAME = oslo;
				TargetAttributes = {
					67720FDB1DA21B010026E295 = {
						CreatedOnToolsVersion = 8.0;
						DevelopmentTeam = SNDW4UT5VM;
						ProvisioningStyle = Automatic;
					};
					67720FF41DA21B010026E295 = {
						CreatedOnToolsVersion = 8.0;
						DevelopmentTeam = SNDW4UT5VM;
						ProvisioningStyle = Automatic;
						TestTargetID = 67720FDB1DA21B010026E295;
					};
					67720FFF1DA21B010026E295 = {
						CreatedOnToolsVersion = 8.0;
						DevelopmentTeam = SNDW4UT5VM;
						ProvisioningStyle = Automatic;
						TestTargetID = 67720FDB1DA21B010026E295;
					};
				};
			};
			buildConfigurationList = 67720FD71DA21B010026E295 /* Build configuration list for PBXProject "TetsCollection" */;
			compatibilityVersion = "Xcode 3.2";
			developmentRegion = English;
			hasScannedForEncodings = 0;
			knownRegions = (
				en,
				Base,
			);
			mainGroup = 67720FD31DA21B010026E295;
			productRefGroup = 67720FDD1DA21B010026E295 /* Products */;
			projectDirPath = "";
			projectRoot = "";
			targets = (
				67720FDB1DA21B010026E295 /* TetsCollection */,
				67720FF41DA21B010026E295 /* TetsCollectionTests */,
				67720FFF1DA21B010026E295 /* TetsCollectionUITests */,
			);
		};
/* End PBXProject section */

/* Begin PBXResourcesBuildPhase section */
		67720FDA1DA21B010026E295 /* Resources */ = {
			isa = PBXResourcesBuildPhase;
			buildActionMask = 2147483647;
			files = (
				67720FEF1DA21B010026E295 /* LaunchScreen.storyboard in Resources */,
				67720FEC1DA21B010026E295 /* Assets.xcassets in Resources */,
				67720FEA1DA21B010026E295 /* Main.storyboard in Resources */,
			);
			runOnlyForDeploymentPostprocessing = 0;
		};
		67720FF31DA21B010026E295 /* Resources */ = {
			isa = PBXResourcesBuildPhase;
			buildActionMask = 2147483647;
			files = (
			);
			runOnlyForDeploymentPostprocessing = 0;
		};
		67720FFE1DA21B010026E295 /* Resources */ = {
			isa = PBXResourcesBuildPhase;
			buildActionMask = 2147483647;
			files = (
			);
			runOnlyForDeploymentPostprocessing = 0;
		};
/* End PBXResourcesBuildPhase section */

/* Begin PBXSourcesBuildPhase section */
		67720FD81DA21B010026E295 /* Sources */ = {
			isa = PBXSourcesBuildPhase;
			buildActionMask = 2147483647;
			files = (
				677210141DA21B1A0026E295 /* MyCollectionViewController.m in Sources */,
				67720FE41DA21B010026E295 /* AppDelegate.m in Sources */,
				67720FE11DA21B010026E295 /* main.m in Sources */,
			);
			runOnlyForDeploymentPostprocessing = 0;
		};
		67720FF11DA21B010026E295 /* Sources */ = {
			isa = PBXSourcesBuildPhase;
			buildActionMask = 2147483647;
			files = (
				67720FFA1DA21B010026E295 /* TetsCollectionTests.m in Sources */,
			);
			runOnlyForDeploymentPostprocessing = 0;
		};
		67720FFC1DA21B010026E295 /* Sources */ = {
			isa = PBXSourcesBuildPhase;
			buildActionMask = 2147483647;
			files = (
				677210051DA21B010026E295 /* TetsCollectionUITests.m in Sources */,
			);
			runOnlyForDeploymentPostprocessing = 0;
		};
/* End PBXSourcesBuildPhase section */

/* Begin PBXTargetDependency section */
		67720FF71DA21B010026E295 /* PBXTargetDependency */ = {
			isa = PBXTargetDependency;
			target = 67720FDB1DA21B010026E295 /* TetsCollection */;
			targetProxy = 67720FF61DA21B010026E295 /* PBXContainerItemProxy */;
		};
		677210021DA21B010026E295 /* PBXTargetDependency */ = {
			isa = PBXTargetDependency;
			target = 67720FDB1DA21B010026E295 /* TetsCollection */;
			targetProxy = 677210011DA21B010026E295 /* PBXContainerItemProxy */;
		};
/* End PBXTargetDependency section */

/* Begin PBXVariantGroup section */
		67720FE81DA21B010026E295 /* Main.storyboard */ = {
			isa = PBXVariantGroup;
			children = (
				67720FE91DA21B010026E295 /* Base */,
			);
			name = Main.storyboard;
			sourceTree = "<group>";
		};
		67720FED1DA21B010026E295 /* LaunchScreen.storyboard */ = {
			isa = PBXVariantGroup;
			children = (
				67720FEE1DA21B010026E295 /* Base */,
			);
			name = LaunchScreen.storyboard;
			sourceTree = "<group>";
		};
/* End PBXVariantGroup section */

/* Begin XCBuildConfiguration section */
		677210071DA21B010026E295 /* Debug */ = {
			isa = XCBuildConfiguration;
			buildSettings = {
				ALWAYS_SEARCH_USER_PATHS = NO;
				CLANG_ANALYZER_NONNULL = YES;
				CLANG_CXX_LANGUAGE_STANDARD = "gnu++0x";
				CLANG_CXX_LIBRARY = "libc++";
				CLANG_ENABLE_MODULES = YES;
				CLANG_ENABLE_OBJC_ARC = YES;
				CLANG_WARN_BOOL_CONVERSION = YES;
				CLANG_WARN_CONSTANT_CONVERSION = YES;
				CLANG_WARN_DIRECT_OBJC_ISA_USAGE = YES_ERROR;
				CLANG_WARN_DOCUMENTATION_COMMENTS = YES;
				CLANG_WARN_EMPTY_BODY = YES;
				CLANG_WARN_ENUM_CONVERSION = YES;
				CLANG_WARN_INFINITE_RECURSION = YES;
				CLANG_WARN_INT_CONVERSION = YES;
				CLANG_WARN_OBJC_ROOT_CLASS = YES_ERROR;
				CLANG_WARN_SUSPICIOUS_MOVES = YES;
				CLANG_WARN_UNREACHABLE_CODE = YES;
				CLANG_WARN__DUPLICATE_METHOD_MATCH = YES;
				"CODE_SIGN_IDENTITY[sdk=iphoneos*]" = "iPhone Developer";
				COPY_PHASE_STRIP = NO;
				DEBUG_INFORMATION_FORMAT = dwarf;
				ENABLE_STRICT_OBJC_MSGSEND = YES;
				ENABLE_TESTABILITY = YES;
				GCC_C_LANGUAGE_STANDARD = gnu99;
				GCC_DYNAMIC_NO_PIC = NO;
				GCC_NO_COMMON_BLOCKS = YES;
				GCC_OPTIMIZATION_LEVEL = 0;
				GCC_PREPROCESSOR_DEFINITIONS = (
					"DEBUG=1",
					"$(inherited)",
				);
				GCC_WARN_64_TO_32_BIT_CONVERSION = YES;
				GCC_WARN_ABOUT_RETURN_TYPE = YES_ERROR;
				GCC_WARN_UNDECLARED_SELECTOR = YES;
				GCC_WARN_UNINITIALIZED_AUTOS = YES_AGGRESSIVE;
				GCC_WARN_UNUSED_FUNCTION = YES;
				GCC_WARN_UNUSED_VARIABLE = YES;
				IPHONEOS_DEPLOYMENT_TARGET = 10.0;
				MTL_ENABLE_DEBUG_INFO = YES;
				ONLY_ACTIVE_ARCH = YES;
				SDKROOT = iphoneos;
			};
			name = Debug;
		};
		677210081DA21B010026E295 /* Release */ = {
			isa = XCBuildConfiguration;
			buildSettings = {
				ALWAYS_SEARCH_USER_PATHS = NO;
				CLANG_ANALYZER_NONNULL = YES;
				CLANG_CXX_LANGUAGE_STANDARD = "gnu++0x";
				CLANG_CXX_LIBRARY = "libc++";
				CLANG_ENABLE_MODULES = YES;
				CLANG_ENABLE_OBJC_ARC = YES;
				CLANG_WARN_BOOL_CONVERSION = YES;
				CLANG_WARN_CONSTANT_CONVERSION = YES;
				CLANG_WARN_DIRECT_OBJC_ISA_USAGE = YES_ERROR;
				CLANG_WARN_DOCUMENTATION_COMMENTS = YES;
				CLANG_WARN_EMPTY_BODY = YES;
				CLANG_WARN_ENUM_CONVERSION = YES;
				CLANG_WARN_INFINITE_RECURSION = YES;
				CLANG_WARN_INT_CONVERSION = YES;
				CLANG_WARN_OBJC_ROOT_CLASS = YES_ERROR;
				CLANG_WARN_SUSPICIOUS_MOVES = YES;
				CLANG_WARN_UNREACHABLE_CODE = YES;
				CLANG_WARN__DUPLICATE_METHOD_MATCH = YES;
				"CODE_SIGN_IDENTITY[sdk=iphoneos*]" = "iPhone Developer";
				COPY_PHASE_STRIP = NO;
				DEBUG_INFORMATION_FORMAT = "dwarf-with-dsym";
				ENABLE_NS_ASSERTIONS = NO;
				ENABLE_STRICT_OBJC_MSGSEND = YES;
				GCC_C_LANGUAGE_STANDARD = gnu99;
				GCC_NO_COMMON_BLOCKS = YES;
				GCC_WARN_64_TO_32_BIT_CONVERSION = YES;
				GCC_WARN_ABOUT_RETURN_TYPE = YES_ERROR;
				GCC_WARN_UNDECLARED_SELECTOR = YES;
				GCC_WARN_UNINITIALIZED_AUTOS = YES_AGGRESSIVE;
				GCC_WARN_UNUSED_FUNCTION = YES;
				GCC_WARN_UNUSED_VARIABLE = YES;
				IPHONEOS_DEPLOYMENT_TARGET = 10.0;
				MTL_ENABLE_DEBUG_INFO = NO;
				SDKROOT = iphoneos;
				VALIDATE_PRODUCT = YES;
			};
			name = Release;
		};
		6772100A1DA21B010026E295 /* Debug */ = {
			isa = XCBuildConfiguration;
			buildSettings = {
				ASSETCATALOG_COMPILER_APPICON_NAME = AppIcon;
				DEVELOPMENT_TEAM = SNDW4UT5VM;
				INFOPLIST_FILE = TetsCollection/Info.plist;
				LD_RUNPATH_SEARCH_PATHS = "$(inherited) @executable_path/Frameworks";
				PRODUCT_BUNDLE_IDENTIFIER = oslo.com.TetsCollection;
				PRODUCT_NAME = "$(TARGET_NAME)";
			};
			name = Debug;
		};
		6772100B1DA21B010026E295 /* Release */ = {
			isa = XCBuildConfiguration;
			buildSettings = {
				ASSETCATALOG_COMPILER_APPICON_NAME = AppIcon;
				DEVELOPMENT_TEAM = SNDW4UT5VM;
				INFOPLIST_FILE = TetsCollection/Info.plist;
				LD_RUNPATH_SEARCH_PATHS = "$(inherited) @executable_path/Frameworks";
				PRODUCT_BUNDLE_IDENTIFIER = oslo.com.TetsCollection;
				PRODUCT_NAME = "$(TARGET_NAME)";
			};
			name = Release;
		};
		6772100D1DA21B010026E295 /* Debug */ = {
			isa = XCBuildConfiguration;
			buildSettings = {
				BUNDLE_LOADER = "$(TEST_HOST)";
				DEVELOPMENT_TEAM = SNDW4UT5VM;
				INFOPLIST_FILE = TetsCollectionTests/Info.plist;
				LD_RUNPATH_SEARCH_PATHS = "$(inherited) @executable_path/Frameworks @loader_path/Frameworks";
				PRODUCT_BUNDLE_IDENTIFIER = oslo.com.TetsCollectionTests;
				PRODUCT_NAME = "$(TARGET_NAME)";
				TEST_HOST = "$(BUILT_PRODUCTS_DIR)/TetsCollection.app/TetsCollection";
			};
			name = Debug;
		};
		6772100E1DA21B010026E295 /* Release */ = {
			isa = XCBuildConfiguration;
			buildSettings = {
				BUNDLE_LOADER = "$(TEST_HOST)";
				DEVELOPMENT_TEAM = SNDW4UT5VM;
				INFOPLIST_FILE = TetsCollectionTests/Info.plist;
				LD_RUNPATH_SEARCH_PATHS = "$(inherited) @executable_path/Frameworks @loader_path/Frameworks";
				PRODUCT_BUNDLE_IDENTIFIER = oslo.com.TetsCollectionTests;
				PRODUCT_NAME = "$(TARGET_NAME)";
				TEST_HOST = "$(BUILT_PRODUCTS_DIR)/TetsCollection.app/TetsCollection";
			};
			name = Release;
		};
		677210101DA21B010026E295 /* Debug */ = {
			isa = XCBuildConfiguration;
			buildSettings = {
				DEVELOPMENT_TEAM = SNDW4UT5VM;
				INFOPLIST_FILE = TetsCollectionUITests/Info.plist;
				LD_RUNPATH_SEARCH_PATHS = "$(inherited) @executable_path/Frameworks @loader_path/Frameworks";
				PRODUCT_BUNDLE_IDENTIFIER = oslo.com.TetsCollectionUITests;
				PRODUCT_NAME = "$(TARGET_NAME)";
				TEST_TARGET_NAME = TetsCollection;
			};
			name = Debug;
		};
		677210111DA21B010026E295 /* Release */ = {
			isa = XCBuildConfiguration;
			buildSettings = {
				DEVELOPMENT_TEAM = SNDW4UT5VM;
				INFOPLIST_FILE = TetsCollectionUITests/Info.plist;
				LD_RUNPATH_SEARCH_PATHS = "$(inherited) @executable_path/Frameworks @loader_path/Frameworks";
				PRODUCT_BUNDLE_IDENTIFIER = oslo.com.TetsCollectionUITests;
				PRODUCT_NAME = "$(TARGET_NAME)";
				TEST_TARGET_NAME = TetsCollection;
			};
			name = Release;
		};
/* End XCBuildConfiguration section */

/* Begin XCConfigurationList section */
		67720FD71DA21B010026E295 /* Build configuration list for PBXProject "TetsCollection" */ = {
			isa = XCConfigurationList;
			buildConfigurations = (
				677210071DA21B010026E295 /* Debug */,
				677210081DA21B010026E295 /* Release */,
			);
			defaultConfigurationIsVisible = 0;
			defaultConfigurationName = Release;
		};
		677210091DA21B010026E295 /* Build configuration list for PBXNativeTarget "TetsCollection" */ = {
			isa = XCConfigurationList;
			buildConfigurations = (
				6772100A1DA21B010026E295 /* Debug */,
				6772100B1DA21B010026E295 /* Release */,
			);
			defaultConfigurationIsVisible = 0;
		};
		6772100C1DA21B010026E295 /* Build configuration list for PBXNativeTarget "TetsCollectionTests" */ = {
			isa = XCConfigurationList;
			buildConfigurations = (
				6772100D1DA21B010026E295 /* Debug */,
				6772100E1DA21B010026E295 /* Release */,
			);
			defaultConfigurationIsVisible = 0;
		};
		6772100F1DA21B010026E295 /* Build configuration list for PBXNativeTarget "TetsCollectionUITests" */ = {
			isa = XCConfigurationList;
			buildConfigurations = (
				677210101DA21B010026E295 /* Debug */,
				677210111DA21B010026E295 /* Release */,
			);
			defaultConfigurationIsVisible = 0;
		};
/* End XCConfigurationList section */
	};
	rootObject = 67720FD41DA21B010026E295 /* Project object */;
}
